
Microsoft Visual Studio Solution File, Format Version 12.00
# Visual Studio Version 17
VisualStudioVersion = 17.4.33110.190
MinimumVisualStudioVersion = 10.0.40219.1
Project("{FAE04EC0-301F-11D3-BF4B-00C04F79EFBC}") = "ConsoleApp21", "ConsoleApp21\ConsoleApp21.csproj", "{2F7A7A11-A76A-4068-8918-00983EDBB4F8}"
EndProject
Global
	GlobalSection(SolutionConfigurationPlatforms) = preSolution
		Debug|Any CPU = Debug|Any CPU
		Release|Any CPU = Release|Any CPU
	EndGlobalSection
	GlobalSection(ProjectConfigurationPlatforms) = postSolution
		{2F7A7A11-A76A-4068-8918-00983EDBB4F8}.Debug|Any CPU.ActiveCfg = Debug|Any CPU
		{2F7A7A11-A76A-4068-8918-00983EDBB4F8}.Debug|Any CPU.Build.0 = Debug|Any CPU
		{2F7A7A11-A76A-4068-8918-00983EDBB4F8}.Release|Any CPU.ActiveCfg = Release|Any CPU
		{2F7A7A11-A76A-4068-8918-00983EDBB4F8}.Release|Any CPU.Build.0 = Release|Any CPU
	EndGlobalSection
	GlobalSection(SolutionProperties) = preSolution
		HideSolutionNode = FALSE
	EndGlobalSection
	GlobalSection(ExtensibilityGlobals) = postSolution
		SolutionGuid = {7BF966FC-4C3F-4D99-9F90-6F3546AEE56C}
	EndGlobalSection
EndGlobal
